# GENERATED CODE - DO NOT MODIFY BY HAND.
schema: 1
release:
  tag: 'portable_pty-v0.0.6+antgrid.2'
artifacts:
  'linux-x64':
    archive_sha256: 'e2dc9bacdcf51f411a7c48ad90a2caedc33ffc33d9ce59ef915b92f903c59f6d'
    payload_sha256: '814a1e2859945c2c667b247873edb14cc16c82a27d042bf4abf60e1ce456fdc2'
  'linux-arm64':
    archive_sha256: 'fc2613f9785bae4924e9a46c6b1d5f4c5e7110471baa8a3445793f68922dc9db'
    payload_sha256: '4e32d1f831368a1f3616ad273a15ea386ad584e93147f8dfd3476f7052706e87'
  'macos-arm64':
    archive_sha256: '19a758232626cb2e033a52ee7e87cee3520f545dee14b45ba06db437072490ea'
    payload_sha256: '2b7e2adbbb7a8bf4e5e145c0627d9913f71792b6566e451ff41e67d215127c0c'
  'macos-x64':
    archive_sha256: '876e5d36ff2a9ce5abcf34df38eb49899aa670491ba5a0a7aa4abfad890fa882'
    payload_sha256: '13bb51fa872d9afac0c4599b888111bb6540b26b6fe22dff619e1c7925597204'
  'windows-x64':
    archive_sha256: 'e3153cfc5c209642e74f3f6f88c7eae7a563e19fe6cf2ee9d35e08d37c2d3287'
    payload_sha256: 'be4de0e76bdd9609bb7854b94fd0529c4c602498afe6a7ac2737c57c871cfd59'
  'windows-arm64':
    archive_sha256: 'e4a99eab05362b1bba5cc7e81b871c62dad161f4a1dce1110e3b8f30e06b8943'
    payload_sha256: '9ca7461d5074c54a7ab0a950b32d408c034f6fb70771a12aa6ab977a154c9d58'
  'android-arm64':
    archive_sha256: '7b2ba3644fdf340fddc685e5d085a5062172e01413a621982d893abd3c600d3b'
    payload_sha256: '51cc345ce8060223c0bf178611061ff5716d14d9f0a6c0c1ccf7a98021ea8d92'
  'android-arm':
    archive_sha256: 'c9dc432d22c49dec3a2e4fb965de4438736284cc094374ea7bbe4b5f98e9d858'
    payload_sha256: '3aef38b36476a8ce4b5344594ea7de536409fa9337dcc3a4658175b076c44fd7'
  'android-x64':
    archive_sha256: 'b017f244b938945b10c486ec596477f8531d88c5b3c2b86a367424a474c7b739'
    payload_sha256: 'd99feec672718ead325dc6da7fce5ca3df8cacc0c1e3fd608b19b9be925c4a5b'
  'ios-arm64':
    archive_sha256: '8775ee77af2574ba8ea5fe718d3815a0e956835159a746bf2beb063d81b4515b'
    payload_sha256: '20f2c79ffcca3579dd8c406e5bf399a49aa9b1cb355ef217b66053dc6a681992'
  'ios-sim-arm64':
    archive_sha256: 'e26f6c93ae73a81987aa0752b4262f1a14a2e4ed0c50e9d1c5cf7094ede895a8'
    payload_sha256: '2e5df92546c4698d2b85fded9fc32422aab436fa8578dc5b8c2737d3920c7db3'
  'ios-sim-x64':
    archive_sha256: '698fc65beafe830dd582d6a19f94737eb4e3b0dea4f37f9acf4807f714f67bc3'
    payload_sha256: 'c85c0d56ba95bb29bc01517743e1d5aab54a473f2a497fbee58db343041389c3'

